
Microsoft Visual Studio Solution File, Format Version 12.00
# Visual Studio Version 17
VisualStudioVersion = 17.4.33213.308
MinimumVisualStudioVersion = 10.0.40219.1
Project("{FAE04EC0-301F-11D3-BF4B-00C04F79EFBC}") = "OOOSportProduct", "OOOSportProduct\OOOSportProduct.csproj", "{8F8E7249-24F9-41B9-BBB8-868119EA7C5C}"
EndProject
Global
	GlobalSection(SolutionConfigurationPlatforms) = preSolution
		Debug|Any CPU = Debug|Any CPU
		Release|Any CPU = Release|Any CPU
	EndGlobalSection
	GlobalSection(ProjectConfigurationPlatforms) = postSolution
		{8F8E7249-24F9-41B9-BBB8-868119EA7C5C}.Debug|Any CPU.ActiveCfg = Debug|Any CPU
		{8F8E7249-24F9-41B9-BBB8-868119EA7C5C}.Debug|Any CPU.Build.0 = Debug|Any CPU
		{8F8E7249-24F9-41B9-BBB8-868119EA7C5C}.Release|Any CPU.ActiveCfg = Release|Any CPU
		{8F8E7249-24F9-41B9-BBB8-868119EA7C5C}.Release|Any CPU.Build.0 = Release|Any CPU
	EndGlobalSection
	GlobalSection(SolutionProperties) = preSolution
		HideSolutionNode = FALSE
	EndGlobalSection
	GlobalSection(ExtensibilityGlobals) = postSolution
		SolutionGuid = {F7D044D9-B9B3-48DE-898E-7E5457E7B926}
	EndGlobalSection
EndGlobal
